
Microsoft Visual Studio Solution File, Format Version 12.00
# Visual Studio Version 17
VisualStudioVersion = 17.7.34031.279
MinimumVisualStudioVersion = 10.0.40219.1
Project("{FAE04EC0-301F-11D3-BF4B-00C04F79EFBC}") = "Zad0", "Zad0\Zad0.csproj", "{482F702A-47DD-4671-92A2-280AC21C53E7}"
EndProject
Project("{FAE04EC0-301F-11D3-BF4B-00C04F79EFBC}") = "Zad0Tests", "Zad0Tests\Zad0Tests.csproj", "{7337FE1C-D3C6-47FA-A5E0-43A378D88ACA}"
EndProject
Global
	GlobalSection(SolutionConfigurationPlatforms) = preSolution
		Debug|Any CPU = Debug|Any CPU
		Release|Any CPU = Release|Any CPU
	EndGlobalSection
	GlobalSection(ProjectConfigurationPlatforms) = postSolution
		{482F702A-47DD-4671-92A2-280AC21C53E7}.Debug|Any CPU.ActiveCfg = Debug|Any CPU
		{482F702A-47DD-4671-92A2-280AC21C53E7}.Debug|Any CPU.Build.0 = Debug|Any CPU
		{482F702A-47DD-4671-92A2-280AC21C53E7}.Release|Any CPU.ActiveCfg = Release|Any CPU
		{482F702A-47DD-4671-92A2-280AC21C53E7}.Release|Any CPU.Build.0 = Release|Any CPU
		{7337FE1C-D3C6-47FA-A5E0-43A378D88ACA}.Debug|Any CPU.ActiveCfg = Debug|Any CPU
		{7337FE1C-D3C6-47FA-A5E0-43A378D88ACA}.Debug|Any CPU.Build.0 = Debug|Any CPU
		{7337FE1C-D3C6-47FA-A5E0-43A378D88ACA}.Release|Any CPU.ActiveCfg = Release|Any CPU
		{7337FE1C-D3C6-47FA-A5E0-43A378D88ACA}.Release|Any CPU.Build.0 = Release|Any CPU
	EndGlobalSection
	GlobalSection(SolutionProperties) = preSolution
		HideSolutionNode = FALSE
	EndGlobalSection
	GlobalSection(ExtensibilityGlobals) = postSolution
		SolutionGuid = {0E5E9CFA-2A56-4DB0-9076-399DC1D0688E}
	EndGlobalSection
EndGlobal
